// !$*UTF8*$!
{
	archiveVersion = 1;
	classes = {
	};
	objectVersion = 77;
	objects = {

/* Begin PBXBuildFile section */
		A52C9FD92D1400360027F1AC /* UIColor+AppColors.swift in Sources */ = {isa = PBXBuildFile; fileRef = A52C9FD82D1400360027F1AC /* UIColor+AppColors.swift */; };
		A52C9FDB2D1400790027F1AC /* Coordinator.swift in Sources */ = {isa = PBXBuildFile; fileRef = A52C9FDA2D1400790027F1AC /* Coordinator.swift */; };
		A54C67FF2D12C1240054CDD2 /* AppDelegate.swift in Sources */ = {isa = PBXBuildFile; fileRef = A54C67F52D12C1240054CDD2 /* AppDelegate.swift */; };
		A54C68002D12C1240054CDD2 /* SceneDelegate.swift in Sources */ = {isa = PBXBuildFile; fileRef = A54C67FC2D12C1240054CDD2 /* SceneDelegate.swift */; };
		A54C68012D12C1240054CDD2 /* ViewController.swift in Sources */ = {isa = PBXBuildFile; fileRef = A54C67FD2D12C1240054CDD2 /* ViewController.swift */; };
		A54C68022D12C1240054CDD2 /* Assets.xcassets in Resources */ = {isa = PBXBuildFile; fileRef = A54C67F62D12C1240054CDD2 /* Assets.xcassets */; };
		A54C68042D12C1240054CDD2 /* LaunchScreen.storyboard in Resources */ = {isa = PBXBuildFile; fileRef = A54C67F92D12C1240054CDD2 /* LaunchScreen.storyboard */; };
		A58B68DF2D157B9D001DBD74 /* BaseCoordinator.swift in Sources */ = {isa = PBXBuildFile; fileRef = A58B68DE2D157B9D001DBD74 /* BaseCoordinator.swift */; };
		A58B68EA2D158F21001DBD74 /* AppCoordinator.swift in Sources */ = {isa = PBXBuildFile; fileRef = A58B68E92D158F21001DBD74 /* AppCoordinator.swift */; };
		A58B68EF2D15A4A0001DBD74 /* MainTabBarCoordinator.swift in Sources */ = {isa = PBXBuildFile; fileRef = A58B68EE2D15A4A0001DBD74 /* MainTabBarCoordinator.swift */; };
		A58B68F12D15A4AF001DBD74 /* MainTabBarBuilder.swift in Sources */ = {isa = PBXBuildFile; fileRef = A58B68F02D15A4AF001DBD74 /* MainTabBarBuilder.swift */; };
		A58B68F32D15A77B001DBD74 /* MainTabBarViewModel.swift in Sources */ = {isa = PBXBuildFile; fileRef = A58B68F22D15A77B001DBD74 /* MainTabBarViewModel.swift */; };
		A58B68F52D15A7BF001DBD74 /* MainTabBarViewController.swift in Sources */ = {isa = PBXBuildFile; fileRef = A58B68F42D15A7BF001DBD74 /* MainTabBarViewController.swift */; };
		A58B68F72D15B03C001DBD74 /* MainTabBarViewModelType.swift in Sources */ = {isa = PBXBuildFile; fileRef = A58B68F62D15B03C001DBD74 /* MainTabBarViewModelType.swift */; };
		A58B68F92D15D07D001DBD74 /* SettingsCoordinator.swift in Sources */ = {isa = PBXBuildFile; fileRef = A58B68F82D15D07D001DBD74 /* SettingsCoordinator.swift */; };
		A58B68FD2D15D12D001DBD74 /* SettingsViewModel.swift in Sources */ = {isa = PBXBuildFile; fileRef = A58B68FC2D15D12D001DBD74 /* SettingsViewModel.swift */; };
		A58B68FF2D15D139001DBD74 /* SettingsViewModelType.swift in Sources */ = {isa = PBXBuildFile; fileRef = A58B68FE2D15D139001DBD74 /* SettingsViewModelType.swift */; };
		A58B69012D15D216001DBD74 /* SettingsViewController.swift in Sources */ = {isa = PBXBuildFile; fileRef = A58B69002D15D216001DBD74 /* SettingsViewController.swift */; };
		A594EFAF2D1865F1008B8C8E /* CodeBlocksViewController.swift in Sources */ = {isa = PBXBuildFile; fileRef = A594EFAE2D1865F1008B8C8E /* CodeBlocksViewController.swift */; };
		A594EFB42D18661A008B8C8E /* CodeBlockViewModel.swift in Sources */ = {isa = PBXBuildFile; fileRef = A594EFB32D18661A008B8C8E /* CodeBlockViewModel.swift */; };
		A594EFB62D18662D008B8C8E /* CodeBlocksViewModelType.swift in Sources */ = {isa = PBXBuildFile; fileRef = A594EFB52D18662D008B8C8E /* CodeBlocksViewModelType.swift */; };
		A594EFBC2D187936008B8C8E /* WorkspaceViewController.swift in Sources */ = {isa = PBXBuildFile; fileRef = A594EFBB2D187936008B8C8E /* WorkspaceViewController.swift */; };
		A594EFBE2D187941008B8C8E /* WorkspaceViewModel.swift in Sources */ = {isa = PBXBuildFile; fileRef = A594EFBD2D187941008B8C8E /* WorkspaceViewModel.swift */; };
		A594EFC02D18794E008B8C8E /* WorkspaceViewModelType.swift in Sources */ = {isa = PBXBuildFile; fileRef = A594EFBF2D18794E008B8C8E /* WorkspaceViewModelType.swift */; };
		A594EFC42D187ABA008B8C8E /* ConsoleViewController.swift in Sources */ = {isa = PBXBuildFile; fileRef = A594EFC32D187ABA008B8C8E /* ConsoleViewController.swift */; };
		A594EFC62D187AC1008B8C8E /* ConsoleViewModel.swift in Sources */ = {isa = PBXBuildFile; fileRef = A594EFC52D187AC1008B8C8E /* ConsoleViewModel.swift */; };
		A594EFC82D187AC9008B8C8E /* ConsoleViewModelType.swift in Sources */ = {isa = PBXBuildFile; fileRef = A594EFC72D187AC9008B8C8E /* ConsoleViewModelType.swift */; };
		E846D5F95C082B19CAB8722B /* Pods_BlockCode.framework in Frameworks */ = {isa = PBXBuildFile; fileRef = C12B8025CFF7068AD7182F78 /* Pods_BlockCode.framework */; };
/* End PBXBuildFile section */

/* Begin PBXFileReference section */
		A52C9FD82D1400360027F1AC /* UIColor+AppColors.swift */ = {isa = PBXFileReference; lastKnownFileType = sourcecode.swift; path = "UIColor+AppColors.swift"; sourceTree = "<group>"; };
		A52C9FDA2D1400790027F1AC /* Coordinator.swift */ = {isa = PBXFileReference; lastKnownFileType = sourcecode.swift; path = Coordinator.swift; sourceTree = "<group>"; };
		A54C67DD2D12C11F0054CDD2 /* BlockCode.app */ = {isa = PBXFileReference; explicitFileType = wrapper.application; includeInIndex = 0; path = BlockCode.app; sourceTree = BUILT_PRODUCTS_DIR; };
		A54C67F52D12C1240054CDD2 /* AppDelegate.swift */ = {isa = PBXFileReference; lastKnownFileType = sourcecode.swift; path = AppDelegate.swift; sourceTree = "<group>"; };
		A54C67F62D12C1240054CDD2 /* Assets.xcassets */ = {isa = PBXFileReference; lastKnownFileType = folder.assetcatalog; path = Assets.xcassets; sourceTree = "<group>"; };
		A54C67F72D12C1240054CDD2 /* Info.plist */ = {isa = PBXFileReference; lastKnownFileType = text.plist.xml; path = Info.plist; sourceTree = "<group>"; };
		A54C67F82D12C1240054CDD2 /* Base */ = {isa = PBXFileReference; lastKnownFileType = file.storyboard; name = Base; path = Base.lproj/LaunchScreen.storyboard; sourceTree = "<group>"; };
		A54C67FC2D12C1240054CDD2 /* SceneDelegate.swift */ = {isa = PBXFileReference; lastKnownFileType = sourcecode.swift; path = SceneDelegate.swift; sourceTree = "<group>"; };
		A54C67FD2D12C1240054CDD2 /* ViewController.swift */ = {isa = PBXFileReference; lastKnownFileType = sourcecode.swift; path = ViewController.swift; sourceTree = "<group>"; };
		A58B68DE2D157B9D001DBD74 /* BaseCoordinator.swift */ = {isa = PBXFileReference; lastKnownFileType = sourcecode.swift; path = BaseCoordinator.swift; sourceTree = "<group>"; };
		A58B68E92D158F21001DBD74 /* AppCoordinator.swift */ = {isa = PBXFileReference; lastKnownFileType = sourcecode.swift; path = AppCoordinator.swift; sourceTree = "<group>"; };
		A58B68EE2D15A4A0001DBD74 /* MainTabBarCoordinator.swift */ = {isa = PBXFileReference; lastKnownFileType = sourcecode.swift; path = MainTabBarCoordinator.swift; sourceTree = "<group>"; };
		A58B68F02D15A4AF001DBD74 /* MainTabBarBuilder.swift */ = {isa = PBXFileReference; lastKnownFileType = sourcecode.swift; path = MainTabBarBuilder.swift; sourceTree = "<group>"; };
		A58B68F22D15A77B001DBD74 /* MainTabBarViewModel.swift */ = {isa = PBXFileReference; lastKnownFileType = sourcecode.swift; path = MainTabBarViewModel.swift; sourceTree = "<group>"; };
		A58B68F42D15A7BF001DBD74 /* MainTabBarViewController.swift */ = {isa = PBXFileReference; lastKnownFileType = sourcecode.swift; path = MainTabBarViewController.swift; sourceTree = "<group>"; };
		A58B68F62D15B03C001DBD74 /* MainTabBarViewModelType.swift */ = {isa = PBXFileReference; lastKnownFileType = sourcecode.swift; path = MainTabBarViewModelType.swift; sourceTree = "<group>"; };
		A58B68F82D15D07D001DBD74 /* SettingsCoordinator.swift */ = {isa = PBXFileReference; lastKnownFileType = sourcecode.swift; path = SettingsCoordinator.swift; sourceTree = "<group>"; };
		A58B68FC2D15D12D001DBD74 /* SettingsViewModel.swift */ = {isa = PBXFileReference; lastKnownFileType = sourcecode.swift; path = SettingsViewModel.swift; sourceTree = "<group>"; };
		A58B68FE2D15D139001DBD74 /* SettingsViewModelType.swift */ = {isa = PBXFileReference; lastKnownFileType = sourcecode.swift; path = SettingsViewModelType.swift; sourceTree = "<group>"; };
		A58B69002D15D216001DBD74 /* SettingsViewController.swift */ = {isa = PBXFileReference; lastKnownFileType = sourcecode.swift; path = SettingsViewController.swift; sourceTree = "<group>"; };
		A594EFAE2D1865F1008B8C8E /* CodeBlocksViewController.swift */ = {isa = PBXFileReference; lastKnownFileType = sourcecode.swift; path = CodeBlocksViewController.swift; sourceTree = "<group>"; };
		A594EFB32D18661A008B8C8E /* CodeBlockViewModel.swift */ = {isa = PBXFileReference; lastKnownFileType = sourcecode.swift; path = CodeBlockViewModel.swift; sourceTree = "<group>"; };
		A594EFB52D18662D008B8C8E /* CodeBlocksViewModelType.swift */ = {isa = PBXFileReference; lastKnownFileType = sourcecode.swift; path = CodeBlocksViewModelType.swift; sourceTree = "<group>"; };
		A594EFBB2D187936008B8C8E /* WorkspaceViewController.swift */ = {isa = PBXFileReference; lastKnownFileType = sourcecode.swift; path = WorkspaceViewController.swift; sourceTree = "<group>"; };
		A594EFBD2D187941008B8C8E /* WorkspaceViewModel.swift */ = {isa = PBXFileReference; lastKnownFileType = sourcecode.swift; path = WorkspaceViewModel.swift; sourceTree = "<group>"; };
		A594EFBF2D18794E008B8C8E /* WorkspaceViewModelType.swift */ = {isa = PBXFileReference; lastKnownFileType = sourcecode.swift; path = WorkspaceViewModelType.swift; sourceTree = "<group>"; };
		A594EFC32D187ABA008B8C8E /* ConsoleViewController.swift */ = {isa = PBXFileReference; lastKnownFileType = sourcecode.swift; path = ConsoleViewController.swift; sourceTree = "<group>"; };
		A594EFC52D187AC1008B8C8E /* ConsoleViewModel.swift */ = {isa = PBXFileReference; lastKnownFileType = sourcecode.swift; path = ConsoleViewModel.swift; sourceTree = "<group>"; };
		A594EFC72D187AC9008B8C8E /* ConsoleViewModelType.swift */ = {isa = PBXFileReference; lastKnownFileType = sourcecode.swift; path = ConsoleViewModelType.swift; sourceTree = "<group>"; };
		C12B8025CFF7068AD7182F78 /* Pods_BlockCode.framework */ = {isa = PBXFileReference; explicitFileType = wrapper.framework; includeInIndex = 0; path = Pods_BlockCode.framework; sourceTree = BUILT_PRODUCTS_DIR; };
		E51F7F4201C7163B1C518640 /* Pods-BlockCode.release.xcconfig */ = {isa = PBXFileReference; includeInIndex = 1; lastKnownFileType = text.xcconfig; name = "Pods-BlockCode.release.xcconfig"; path = "Target Support Files/Pods-BlockCode/Pods-BlockCode.release.xcconfig"; sourceTree = "<group>"; };
		F0ADBABA8F6DCAC3CE30136E /* Pods-BlockCode.debug.xcconfig */ = {isa = PBXFileReference; includeInIndex = 1; lastKnownFileType = text.xcconfig; name = "Pods-BlockCode.debug.xcconfig"; path = "Target Support Files/Pods-BlockCode/Pods-BlockCode.debug.xcconfig"; sourceTree = "<group>"; };
/* End PBXFileReference section */

/* Begin PBXFrameworksBuildPhase section */
		A54C67DA2D12C11F0054CDD2 /* Frameworks */ = {
			isa = PBXFrameworksBuildPhase;
			buildActionMask = 2147483647;
			files = (
				E846D5F95C082B19CAB8722B /* Pods_BlockCode.framework in Frameworks */,
			);
			runOnlyForDeploymentPostprocessing = 0;
		};
/* End PBXFrameworksBuildPhase section */

/* Begin PBXGroup section */
		826DF27FF58A4DAFD65A4127 /* Frameworks */ = {
			isa = PBXGroup;
			children = (
				C12B8025CFF7068AD7182F78 /* Pods_BlockCode.framework */,
			);
			name = Frameworks;
			sourceTree = "<group>";
		};
		A52C9FD12D13FF300027F1AC /* Extensions */ = {
			isa = PBXGroup;
			children = (
				A52C9FD82D1400360027F1AC /* UIColor+AppColors.swift */,
			);
			path = Extensions;
			sourceTree = "<group>";
		};
		A52C9FD32D13FF3F0027F1AC /* Protocols */ = {
			isa = PBXGroup;
			children = (
				A52C9FDA2D1400790027F1AC /* Coordinator.swift */,
			);
			path = Protocols;
			sourceTree = "<group>";
		};
		A52C9FD42D13FF5A0027F1AC /* Resources */ = {
			isa = PBXGroup;
			children = (
				A54C67F62D12C1240054CDD2 /* Assets.xcassets */,
				A54C67F72D12C1240054CDD2 /* Info.plist */,
				A54C67F92D12C1240054CDD2 /* LaunchScreen.storyboard */,
			);
			path = Resources;
			sourceTree = "<group>";
		};
		A52C9FD72D13FFA40027F1AC /* Application */ = {
			isa = PBXGroup;
			children = (
				A54C67F52D12C1240054CDD2 /* AppDelegate.swift */,
				A54C67FC2D12C1240054CDD2 /* SceneDelegate.swift */,
			);
			path = Application;
			sourceTree = "<group>";
		};
		A54C67D42D12C11F0054CDD2 = {
			isa = PBXGroup;
			children = (
				A54C67FE2D12C1240054CDD2 /* BlockCode */,
				A54C67DE2D12C11F0054CDD2 /* Products */,
				E6A505B703E89A728531CD3A /* Pods */,
				826DF27FF58A4DAFD65A4127 /* Frameworks */,
			);
			sourceTree = "<group>";
		};
		A54C67DE2D12C11F0054CDD2 /* Products */ = {
			isa = PBXGroup;
			children = (
				A54C67DD2D12C11F0054CDD2 /* BlockCode.app */,
			);
			name = Products;
			sourceTree = "<group>";
		};
		A54C67FE2D12C1240054CDD2 /* BlockCode */ = {
			isa = PBXGroup;
			children = (
				A58B68E02D157BA7001DBD74 /* Scenes */,
				A58B68DD2D157B8F001DBD74 /* Base */,
				A52C9FD12D13FF300027F1AC /* Extensions */,
				A52C9FD42D13FF5A0027F1AC /* Resources */,
				A52C9FD72D13FFA40027F1AC /* Application */,
				A52C9FD32D13FF3F0027F1AC /* Protocols */,
				A54C67FD2D12C1240054CDD2 /* ViewController.swift */,
			);
			path = BlockCode;
			sourceTree = "<group>";
		};
		A58B68DD2D157B8F001DBD74 /* Base */ = {
			isa = PBXGroup;
			children = (
				A58B68DE2D157B9D001DBD74 /* BaseCoordinator.swift */,
			);
			path = Base;
			sourceTree = "<group>";
		};
		A58B68E02D157BA7001DBD74 /* Scenes */ = {
			isa = PBXGroup;
			children = (
				A58B68E92D158F21001DBD74 /* AppCoordinator.swift */,
				A58B68E42D158EF5001DBD74 /* TabBar */,
				A58B68E52D158EFF001DBD74 /* CodeBlocks */,
				A58B68E62D158F06001DBD74 /* Workspace */,
				A58B68E72D158F0F001DBD74 /* Console */,
				A58B68E82D158F13001DBD74 /* Settings */,
			);
			path = Scenes;
			sourceTree = "<group>";
		};
		A58B68E42D158EF5001DBD74 /* TabBar */ = {
			isa = PBXGroup;
			children = (
				A58B68ED2D15A489001DBD74 /* ViewModel */,
				A58B68EC2D15A481001DBD74 /* View */,
				A58B68EE2D15A4A0001DBD74 /* MainTabBarCoordinator.swift */,
				A58B68F02D15A4AF001DBD74 /* MainTabBarBuilder.swift */,
			);
			path = TabBar;
			sourceTree = "<group>";
		};
		A58B68E52D158EFF001DBD74 /* CodeBlocks */ = {
			isa = PBXGroup;
			children = (
				A594EFB12D1865FD008B8C8E /* ViewModel */,
				A594EFB02D1865F8008B8C8E /* View */,
			);
			path = CodeBlocks;
			sourceTree = "<group>";
		};
		A58B68E62D158F06001DBD74 /* Workspace */ = {
			isa = PBXGroup;
			children = (
				A594EFB82D186641008B8C8E /* ViewModel */,
				A594EFB72D18663B008B8C8E /* View */,
			);
			path = Workspace;
			sourceTree = "<group>";
		};
		A58B68E72D158F0F001DBD74 /* Console */ = {
			isa = PBXGroup;
			children = (
				A594EFC22D187AA6008B8C8E /* ViewModel */,
				A594EFC12D187AA3008B8C8E /* View */,
			);
			path = Console;
			sourceTree = "<group>";
		};
		A58B68E82D158F13001DBD74 /* Settings */ = {
			isa = PBXGroup;
			children = (
				A58B68FB2D15D11D001DBD74 /* ViewModel */,
				A58B68FA2D15D0E0001DBD74 /* View */,
				A58B68F82D15D07D001DBD74 /* SettingsCoordinator.swift */,
			);
			path = Settings;
			sourceTree = "<group>";
		};
		A58B68EC2D15A481001DBD74 /* View */ = {
			isa = PBXGroup;
			children = (
				A58B68F42D15A7BF001DBD74 /* MainTabBarViewController.swift */,
			);
			path = View;
			sourceTree = "<group>";
		};
		A58B68ED2D15A489001DBD74 /* ViewModel */ = {
			isa = PBXGroup;
			children = (
				A58B68F22D15A77B001DBD74 /* MainTabBarViewModel.swift */,
				A58B68F62D15B03C001DBD74 /* MainTabBarViewModelType.swift */,
			);
			path = ViewModel;
			sourceTree = "<group>";
		};
		A58B68FA2D15D0E0001DBD74 /* View */ = {
			isa = PBXGroup;
			children = (
				A58B69002D15D216001DBD74 /* SettingsViewController.swift */,
			);
			path = View;
			sourceTree = "<group>";
		};
		A58B68FB2D15D11D001DBD74 /* ViewModel */ = {
			isa = PBXGroup;
			children = (
				A58B68FC2D15D12D001DBD74 /* SettingsViewModel.swift */,
				A58B68FE2D15D139001DBD74 /* SettingsViewModelType.swift */,
			);
			path = ViewModel;
			sourceTree = "<group>";
		};
		A594EFB02D1865F8008B8C8E /* View */ = {
			isa = PBXGroup;
			children = (
				A594EFAE2D1865F1008B8C8E /* CodeBlocksViewController.swift */,
			);
			path = View;
			sourceTree = "<group>";
		};
		A594EFB12D1865FD008B8C8E /* ViewModel */ = {
			isa = PBXGroup;
			children = (
				A594EFB32D18661A008B8C8E /* CodeBlockViewModel.swift */,
				A594EFB52D18662D008B8C8E /* CodeBlocksViewModelType.swift */,
			);
			path = ViewModel;
			sourceTree = "<group>";
		};
		A594EFB72D18663B008B8C8E /* View */ = {
			isa = PBXGroup;
			children = (
				A594EFBB2D187936008B8C8E /* WorkspaceViewController.swift */,
			);
			path = View;
			sourceTree = "<group>";
		};
		A594EFB82D186641008B8C8E /* ViewModel */ = {
			isa = PBXGroup;
			children = (
				A594EFBD2D187941008B8C8E /* WorkspaceViewModel.swift */,
				A594EFBF2D18794E008B8C8E /* WorkspaceViewModelType.swift */,
			);
			path = ViewModel;
			sourceTree = "<group>";
		};
		A594EFC12D187AA3008B8C8E /* View */ = {
			isa = PBXGroup;
			children = (
				A594EFC32D187ABA008B8C8E /* ConsoleViewController.swift */,
			);
			path = View;
			sourceTree = "<group>";
		};
		A594EFC22D187AA6008B8C8E /* ViewModel */ = {
			isa = PBXGroup;
			children = (
				A594EFC52D187AC1008B8C8E /* ConsoleViewModel.swift */,
				A594EFC72D187AC9008B8C8E /* ConsoleViewModelType.swift */,
			);
			path = ViewModel;
			sourceTree = "<group>";
		};
		E6A505B703E89A728531CD3A /* Pods */ = {
			isa = PBXGroup;
			children = (
				F0ADBABA8F6DCAC3CE30136E /* Pods-BlockCode.debug.xcconfig */,
				E51F7F4201C7163B1C518640 /* Pods-BlockCode.release.xcconfig */,
			);
			path = Pods;
			sourceTree = "<group>";
		};
/* End PBXGroup section */

/* Begin PBXNativeTarget section */
		A54C67DC2D12C11F0054CDD2 /* BlockCode */ = {
			isa = PBXNativeTarget;
			buildConfigurationList = A54C67F02D12C1210054CDD2 /* Build configuration list for PBXNativeTarget "BlockCode" */;
			buildPhases = (
				895D75F998C8A224D9733A32 /* [CP] Check Pods Manifest.lock */,
				A54C67D92D12C11F0054CDD2 /* Sources */,
				A54C67DA2D12C11F0054CDD2 /* Frameworks */,
				A54C67DB2D12C11F0054CDD2 /* Resources */,
				34A5CEFD7D7E0CE0386CD796 /* [CP] Embed Pods Frameworks */,
			);
			buildRules = (
			);
			dependencies = (
			);
			name = BlockCode;
			productName = BlockCode;
			productReference = A54C67DD2D12C11F0054CDD2 /* BlockCode.app */;
			productType = "com.apple.product-type.application";
		};
/* End PBXNativeTarget section */

/* Begin PBXProject section */
		A54C67D52D12C11F0054CDD2 /* Project object */ = {
			isa = PBXProject;
			attributes = {
				BuildIndependentTargetsInParallel = 1;
				LastSwiftUpdateCheck = 1620;
				LastUpgradeCheck = 1620;
				TargetAttributes = {
					A54C67DC2D12C11F0054CDD2 = {
						CreatedOnToolsVersion = 16.2;
					};
				};
			};
			buildConfigurationList = A54C67D82D12C11F0054CDD2 /* Build configuration list for PBXProject "BlockCode" */;
			developmentRegion = en;
			hasScannedForEncodings = 0;
			knownRegions = (
				en,
				Base,
			);
			mainGroup = A54C67D42D12C11F0054CDD2;
			minimizedProjectReferenceProxies = 1;
			preferredProjectObjectVersion = 77;
			productRefGroup = A54C67DE2D12C11F0054CDD2 /* Products */;
			projectDirPath = "";
			projectRoot = "";
			targets = (
				A54C67DC2D12C11F0054CDD2 /* BlockCode */,
			);
		};
/* End PBXProject section */

/* Begin PBXResourcesBuildPhase section */
		A54C67DB2D12C11F0054CDD2 /* Resources */ = {
			isa = PBXResourcesBuildPhase;
			buildActionMask = 2147483647;
			files = (
				A54C68022D12C1240054CDD2 /* Assets.xcassets in Resources */,
				A54C68042D12C1240054CDD2 /* LaunchScreen.storyboard in Resources */,
			);
			runOnlyForDeploymentPostprocessing = 0;
		};
/* End PBXResourcesBuildPhase section */

/* Begin PBXShellScriptBuildPhase section */
		34A5CEFD7D7E0CE0386CD796 /* [CP] Embed Pods Frameworks */ = {
			isa = PBXShellScriptBuildPhase;
			buildActionMask = 2147483647;
			files = (
			);
			inputFileListPaths = (
				"${PODS_ROOT}/Target Support Files/Pods-BlockCode/Pods-BlockCode-frameworks-${CONFIGURATION}-input-files.xcfilelist",
			);
			name = "[CP] Embed Pods Frameworks";
			outputFileListPaths = (
				"${PODS_ROOT}/Target Support Files/Pods-BlockCode/Pods-BlockCode-frameworks-${CONFIGURATION}-output-files.xcfilelist",
			);
			runOnlyForDeploymentPostprocessing = 0;
			shellPath = /bin/sh;
			shellScript = "\"${PODS_ROOT}/Target Support Files/Pods-BlockCode/Pods-BlockCode-frameworks.sh\"\n";
			showEnvVarsInLog = 0;
		};
		895D75F998C8A224D9733A32 /* [CP] Check Pods Manifest.lock */ = {
			isa = PBXShellScriptBuildPhase;
			buildActionMask = 2147483647;
			files = (
			);
			inputFileListPaths = (
			);
			inputPaths = (
				"${PODS_PODFILE_DIR_PATH}/Podfile.lock",
				"${PODS_ROOT}/Manifest.lock",
			);
			name = "[CP] Check Pods Manifest.lock";
			outputFileListPaths = (
			);
			outputPaths = (
				"$(DERIVED_FILE_DIR)/Pods-BlockCode-checkManifestLockResult.txt",
			);
			runOnlyForDeploymentPostprocessing = 0;
			shellPath = /bin/sh;
			shellScript = "diff \"${PODS_PODFILE_DIR_PATH}/Podfile.lock\" \"${PODS_ROOT}/Manifest.lock\" > /dev/null\nif [ $? != 0 ] ; then\n    # print error to STDERR\n    echo \"error: The sandbox is not in sync with the Podfile.lock. Run 'pod install' or update your CocoaPods installation.\" >&2\n    exit 1\nfi\n# This output is used by Xcode 'outputs' to avoid re-running this script phase.\necho \"SUCCESS\" > \"${SCRIPT_OUTPUT_FILE_0}\"\n";
			showEnvVarsInLog = 0;
		};
/* End PBXShellScriptBuildPhase section */

/* Begin PBXSourcesBuildPhase section */
		A54C67D92D12C11F0054CDD2 /* Sources */ = {
			isa = PBXSourcesBuildPhase;
			buildActionMask = 2147483647;
			files = (
				A54C67FF2D12C1240054CDD2 /* AppDelegate.swift in Sources */,
				A594EFB62D18662D008B8C8E /* CodeBlocksViewModelType.swift in Sources */,
				A58B68DF2D157B9D001DBD74 /* BaseCoordinator.swift in Sources */,
				A58B68F92D15D07D001DBD74 /* SettingsCoordinator.swift in Sources */,
				A594EFB42D18661A008B8C8E /* CodeBlockViewModel.swift in Sources */,
				A594EFAF2D1865F1008B8C8E /* CodeBlocksViewController.swift in Sources */,
				A594EFC02D18794E008B8C8E /* WorkspaceViewModelType.swift in Sources */,
				A52C9FD92D1400360027F1AC /* UIColor+AppColors.swift in Sources */,
				A58B68F52D15A7BF001DBD74 /* MainTabBarViewController.swift in Sources */,
				A58B68EF2D15A4A0001DBD74 /* MainTabBarCoordinator.swift in Sources */,
				A52C9FDB2D1400790027F1AC /* Coordinator.swift in Sources */,
				A58B69012D15D216001DBD74 /* SettingsViewController.swift in Sources */,
				A58B68F32D15A77B001DBD74 /* MainTabBarViewModel.swift in Sources */,
				A58B68F72D15B03C001DBD74 /* MainTabBarViewModelType.swift in Sources */,
				A54C68002D12C1240054CDD2 /* SceneDelegate.swift in Sources */,
				A58B68FF2D15D139001DBD74 /* SettingsViewModelType.swift in Sources */,
				A594EFC62D187AC1008B8C8E /* ConsoleViewModel.swift in Sources */,
				A54C68012D12C1240054CDD2 /* ViewController.swift in Sources */,
				A594EFC42D187ABA008B8C8E /* ConsoleViewController.swift in Sources */,
				A594EFBE2D187941008B8C8E /* WorkspaceViewModel.swift in Sources */,
				A58B68EA2D158F21001DBD74 /* AppCoordinator.swift in Sources */,
				A58B68F12D15A4AF001DBD74 /* MainTabBarBuilder.swift in Sources */,
				A594EFBC2D187936008B8C8E /* WorkspaceViewController.swift in Sources */,
				A58B68FD2D15D12D001DBD74 /* SettingsViewModel.swift in Sources */,
				A594EFC82D187AC9008B8C8E /* ConsoleViewModelType.swift in Sources */,
			);
			runOnlyForDeploymentPostprocessing = 0;
		};
/* End PBXSourcesBuildPhase section */

/* Begin PBXVariantGroup section */
		A54C67F92D12C1240054CDD2 /* LaunchScreen.storyboard */ = {
			isa = PBXVariantGroup;
			children = (
				A54C67F82D12C1240054CDD2 /* Base */,
			);
			name = LaunchScreen.storyboard;
			sourceTree = "<group>";
		};
/* End PBXVariantGroup section */

/* Begin XCBuildConfiguration section */
		A54C67F12D12C1210054CDD2 /* Debug */ = {
			isa = XCBuildConfiguration;
			baseConfigurationReference = F0ADBABA8F6DCAC3CE30136E /* Pods-BlockCode.debug.xcconfig */;
			buildSettings = {
				ASSETCATALOG_COMPILER_APPICON_NAME = AppIcon;
				ASSETCATALOG_COMPILER_GLOBAL_ACCENT_COLOR_NAME = AccentColor;
				CODE_SIGN_STYLE = Automatic;
				CURRENT_PROJECT_VERSION = 1;
				DEVELOPMENT_TEAM = 6HX5P2M97J;
				ENABLE_USER_SCRIPT_SANDBOXING = NO;
				GENERATE_INFOPLIST_FILE = YES;
				INFOPLIST_FILE = BlockCode/Resources/Info.plist;
				INFOPLIST_KEY_UIApplicationSupportsIndirectInputEvents = YES;
				INFOPLIST_KEY_UILaunchStoryboardName = LaunchScreen;
				INFOPLIST_KEY_UIMainStoryboardFile = "";
				INFOPLIST_KEY_UISupportedInterfaceOrientations_iPad = "UIInterfaceOrientationPortrait UIInterfaceOrientationPortraitUpsideDown UIInterfaceOrientationLandscapeLeft UIInterfaceOrientationLandscapeRight";
				INFOPLIST_KEY_UISupportedInterfaceOrientations_iPhone = "UIInterfaceOrientationPortrait UIInterfaceOrientationLandscapeLeft UIInterfaceOrientationLandscapeRight";
				LD_RUNPATH_SEARCH_PATHS = (
					"$(inherited)",
					"@executable_path/Frameworks",
				);
				MARKETING_VERSION = 1.0;
				PRODUCT_BUNDLE_IDENTIFIER = Anilkaramis.BlockCode;
				PRODUCT_NAME = "$(TARGET_NAME)";
				SWIFT_EMIT_LOC_STRINGS = YES;
				SWIFT_VERSION = 5.0;
				TARGETED_DEVICE_FAMILY = "1,2";
			};
			name = Debug;
		};
		A54C67F22D12C1210054CDD2 /* Release */ = {
			isa = XCBuildConfiguration;
			baseConfigurationReference = E51F7F4201C7163B1C518640 /* Pods-BlockCode.release.xcconfig */;
			buildSettings = {
				ASSETCATALOG_COMPILER_APPICON_NAME = AppIcon;
				ASSETCATALOG_COMPILER_GLOBAL_ACCENT_COLOR_NAME = AccentColor;
				CODE_SIGN_STYLE = Automatic;
				CURRENT_PROJECT_VERSION = 1;
				DEVELOPMENT_TEAM = 6HX5P2M97J;
				ENABLE_USER_SCRIPT_SANDBOXING = NO;
				GENERATE_INFOPLIST_FILE = YES;
				INFOPLIST_FILE = BlockCode/Resources/Info.plist;
				INFOPLIST_KEY_UIApplicationSupportsIndirectInputEvents = YES;
				INFOPLIST_KEY_UILaunchStoryboardName = LaunchScreen;
				INFOPLIST_KEY_UIMainStoryboardFile = "";
				INFOPLIST_KEY_UISupportedInterfaceOrientations_iPad = "UIInterfaceOrientationPortrait UIInterfaceOrientationPortraitUpsideDown UIInterfaceOrientationLandscapeLeft UIInterfaceOrientationLandscapeRight";
				INFOPLIST_KEY_UISupportedInterfaceOrientations_iPhone = "UIInterfaceOrientationPortrait UIInterfaceOrientationLandscapeLeft UIInterfaceOrientationLandscapeRight";
				LD_RUNPATH_SEARCH_PATHS = (
					"$(inherited)",
					"@executable_path/Frameworks",
				);
				MARKETING_VERSION = 1.0;
				PRODUCT_BUNDLE_IDENTIFIER = Anilkaramis.BlockCode;
				PRODUCT_NAME = "$(TARGET_NAME)";
				SWIFT_EMIT_LOC_STRINGS = YES;
				SWIFT_VERSION = 5.0;
				TARGETED_DEVICE_FAMILY = "1,2";
			};
			name = Release;
		};
		A54C67F32D12C1210054CDD2 /* Debug */ = {
			isa = XCBuildConfiguration;
			buildSettings = {
				ALWAYS_SEARCH_USER_PATHS = NO;
				ASSETCATALOG_COMPILER_GENERATE_SWIFT_ASSET_SYMBOL_EXTENSIONS = YES;
				CLANG_ANALYZER_NONNULL = YES;
				CLANG_ANALYZER_NUMBER_OBJECT_CONVERSION = YES_AGGRESSIVE;
				CLANG_CXX_LANGUAGE_STANDARD = "gnu++20";
				CLANG_ENABLE_MODULES = YES;
				CLANG_ENABLE_OBJC_ARC = YES;
				CLANG_ENABLE_OBJC_WEAK = YES;
				CLANG_WARN_BLOCK_CAPTURE_AUTORELEASING = YES;
				CLANG_WARN_BOOL_CONVERSION = YES;
				CLANG_WARN_COMMA = YES;
				CLANG_WARN_CONSTANT_CONVERSION = YES;
				CLANG_WARN_DEPRECATED_OBJC_IMPLEMENTATIONS = YES;
				CLANG_WARN_DIRECT_OBJC_ISA_USAGE = YES_ERROR;
				CLANG_WARN_DOCUMENTATION_COMMENTS = YES;
				CLANG_WARN_EMPTY_BODY = YES;
				CLANG_WARN_ENUM_CONVERSION = YES;
				CLANG_WARN_INFINITE_RECURSION = YES;
				CLANG_WARN_INT_CONVERSION = YES;
				CLANG_WARN_NON_LITERAL_NULL_CONVERSION = YES;
				CLANG_WARN_OBJC_IMPLICIT_RETAIN_SELF = YES;
				CLANG_WARN_OBJC_LITERAL_CONVERSION = YES;
				CLANG_WARN_OBJC_ROOT_CLASS = YES_ERROR;
				CLANG_WARN_QUOTED_INCLUDE_IN_FRAMEWORK_HEADER = YES;
				CLANG_WARN_RANGE_LOOP_ANALYSIS = YES;
				CLANG_WARN_STRICT_PROTOTYPES = YES;
				CLANG_WARN_SUSPICIOUS_MOVE = YES;
				CLANG_WARN_UNGUARDED_AVAILABILITY = YES_AGGRESSIVE;
				CLANG_WARN_UNREACHABLE_CODE = YES;
				CLANG_WARN__DUPLICATE_METHOD_MATCH = YES;
				COPY_PHASE_STRIP = NO;
				DEBUG_INFORMATION_FORMAT = dwarf;
				ENABLE_STRICT_OBJC_MSGSEND = YES;
				ENABLE_TESTABILITY = YES;
				ENABLE_USER_SCRIPT_SANDBOXING = YES;
				GCC_C_LANGUAGE_STANDARD = gnu17;
				GCC_DYNAMIC_NO_PIC = NO;
				GCC_NO_COMMON_BLOCKS = YES;
				GCC_OPTIMIZATION_LEVEL = 0;
				GCC_PREPROCESSOR_DEFINITIONS = (
					"DEBUG=1",
					"$(inherited)",
				);
				GCC_WARN_64_TO_32_BIT_CONVERSION = YES;
				GCC_WARN_ABOUT_RETURN_TYPE = YES_ERROR;
				GCC_WARN_UNDECLARED_SELECTOR = YES;
				GCC_WARN_UNINITIALIZED_AUTOS = YES_AGGRESSIVE;
				GCC_WARN_UNUSED_FUNCTION = YES;
				GCC_WARN_UNUSED_VARIABLE = YES;
				IPHONEOS_DEPLOYMENT_TARGET = 18.2;
				LOCALIZATION_PREFERS_STRING_CATALOGS = YES;
				MTL_ENABLE_DEBUG_INFO = INCLUDE_SOURCE;
				MTL_FAST_MATH = YES;
				ONLY_ACTIVE_ARCH = YES;
				SDKROOT = iphoneos;
				SWIFT_ACTIVE_COMPILATION_CONDITIONS = "DEBUG $(inherited)";
				SWIFT_OPTIMIZATION_LEVEL = "-Onone";
			};
			name = Debug;
		};
		A54C67F42D12C1210054CDD2 /* Release */ = {
			isa = XCBuildConfiguration;
			buildSettings = {
				ALWAYS_SEARCH_USER_PATHS = NO;
				ASSETCATALOG_COMPILER_GENERATE_SWIFT_ASSET_SYMBOL_EXTENSIONS = YES;
				CLANG_ANALYZER_NONNULL = YES;
				CLANG_ANALYZER_NUMBER_OBJECT_CONVERSION = YES_AGGRESSIVE;
				CLANG_CXX_LANGUAGE_STANDARD = "gnu++20";
				CLANG_ENABLE_MODULES = YES;
				CLANG_ENABLE_OBJC_ARC = YES;
				CLANG_ENABLE_OBJC_WEAK = YES;
				CLANG_WARN_BLOCK_CAPTURE_AUTORELEASING = YES;
				CLANG_WARN_BOOL_CONVERSION = YES;
				CLANG_WARN_COMMA = YES;
				CLANG_WARN_CONSTANT_CONVERSION = YES;
				CLANG_WARN_DEPRECATED_OBJC_IMPLEMENTATIONS = YES;
				CLANG_WARN_DIRECT_OBJC_ISA_USAGE = YES_ERROR;
				CLANG_WARN_DOCUMENTATION_COMMENTS = YES;
				CLANG_WARN_EMPTY_BODY = YES;
				CLANG_WARN_ENUM_CONVERSION = YES;
				CLANG_WARN_INFINITE_RECURSION = YES;
				CLANG_WARN_INT_CONVERSION = YES;
				CLANG_WARN_NON_LITERAL_NULL_CONVERSION = YES;
				CLANG_WARN_OBJC_IMPLICIT_RETAIN_SELF = YES;
				CLANG_WARN_OBJC_LITERAL_CONVERSION = YES;
				CLANG_WARN_OBJC_ROOT_CLASS = YES_ERROR;
				CLANG_WARN_QUOTED_INCLUDE_IN_FRAMEWORK_HEADER = YES;
				CLANG_WARN_RANGE_LOOP_ANALYSIS = YES;
				CLANG_WARN_STRICT_PROTOTYPES = YES;
				CLANG_WARN_SUSPICIOUS_MOVE = YES;
				CLANG_WARN_UNGUARDED_AVAILABILITY = YES_AGGRESSIVE;
				CLANG_WARN_UNREACHABLE_CODE = YES;
				CLANG_WARN__DUPLICATE_METHOD_MATCH = YES;
				COPY_PHASE_STRIP = NO;
				DEBUG_INFORMATION_FORMAT = "dwarf-with-dsym";
				ENABLE_NS_ASSERTIONS = NO;
				ENABLE_STRICT_OBJC_MSGSEND = YES;
				ENABLE_USER_SCRIPT_SANDBOXING = YES;
				GCC_C_LANGUAGE_STANDARD = gnu17;
				GCC_NO_COMMON_BLOCKS = YES;
				GCC_WARN_64_TO_32_BIT_CONVERSION = YES;
				GCC_WARN_ABOUT_RETURN_TYPE = YES_ERROR;
				GCC_WARN_UNDECLARED_SELECTOR = YES;
				GCC_WARN_UNINITIALIZED_AUTOS = YES_AGGRESSIVE;
				GCC_WARN_UNUSED_FUNCTION = YES;
				GCC_WARN_UNUSED_VARIABLE = YES;
				IPHONEOS_DEPLOYMENT_TARGET = 18.2;
				LOCALIZATION_PREFERS_STRING_CATALOGS = YES;
				MTL_ENABLE_DEBUG_INFO = NO;
				MTL_FAST_MATH = YES;
				SDKROOT = iphoneos;
				SWIFT_COMPILATION_MODE = wholemodule;
				VALIDATE_PRODUCT = YES;
			};
			name = Release;
		};
/* End XCBuildConfiguration section */

/* Begin XCConfigurationList section */
		A54C67D82D12C11F0054CDD2 /* Build configuration list for PBXProject "BlockCode" */ = {
			isa = XCConfigurationList;
			buildConfigurations = (
				A54C67F32D12C1210054CDD2 /* Debug */,
				A54C67F42D12C1210054CDD2 /* Release */,
			);
			defaultConfigurationIsVisible = 0;
			defaultConfigurationName = Release;
		};
		A54C67F02D12C1210054CDD2 /* Build configuration list for PBXNativeTarget "BlockCode" */ = {
			isa = XCConfigurationList;
			buildConfigurations = (
				A54C67F12D12C1210054CDD2 /* Debug */,
				A54C67F22D12C1210054CDD2 /* Release */,
			);
			defaultConfigurationIsVisible = 0;
			defaultConfigurationName = Release;
		};
/* End XCConfigurationList section */
	};
	rootObject = A54C67D52D12C11F0054CDD2 /* Project object */;
}
